
Microsoft Visual Studio Solution File, Format Version 12.00
Project("{FAE04EC0-301F-11D3-BF4B-00C04F79EFBC}") = "CountryPopulationVisualisation", "CountryPopulationVisualisation.csproj", "{4A283F2B-C0A9-4879-8591-213EB4D426B2}"
EndProject
Global
	GlobalSection(SolutionConfigurationPlatforms) = preSolution
		Debug|Any CPU = Debug|Any CPU
		Release|Any CPU = Release|Any CPU
	EndGlobalSection
	GlobalSection(ProjectConfigurationPlatforms) = postSolution
		{4A283F2B-C0A9-4879-8591-213EB4D426B2}.Debug|Any CPU.ActiveCfg = Debug|Any CPU
		{4A283F2B-C0A9-4879-8591-213EB4D426B2}.Debug|Any CPU.Build.0 = Debug|Any CPU
		{4A283F2B-C0A9-4879-8591-213EB4D426B2}.Release|Any CPU.ActiveCfg = Release|Any CPU
		{4A283F2B-C0A9-4879-8591-213EB4D426B2}.Release|Any CPU.Build.0 = Release|Any CPU
	EndGlobalSection
EndGlobal
